dependencies:
- name: chatbot-backend
  repository: file://./chatbot-backend
  version: 0.1.0
- name: chatbot-frontend
  repository: file://./chatbot-frontend
  version: 0.1.0
- name: reminders-service
  repository: file://./reminders-service
  version: 0.1.0
- name: recurring-tasks-service
  repository: file://./recurring-tasks-service
  version: 0.1.0
digest: sha256:30fc87a3d30d7f988776663138cf5cd89166c986081acefd141fc7a9af0e05e7
generated: "2026-02-14T23:36:56.8527497+05:00"
